
Microsoft Visual Studio Solution File, Format Version 12.00
# Visual Studio Version 16
VisualStudioVersion = 16.0.31112.23
MinimumVisualStudioVersion = 10.0.40219.1
Project("{FAE04EC0-301F-11D3-BF4B-00C04F79EFBC}") = "Mcba.UI", "Mcba.UI\Mcba.UI.csproj", "{7BC42C9D-FCF8-43C3-9CC2-365BA2B27184}"
EndProject
Global
	GlobalSection(SolutionConfigurationPlatforms) = preSolution
		Debug|Any CPU = Debug|Any CPU
		Release|Any CPU = Release|Any CPU
	EndGlobalSection
	GlobalSection(ProjectConfigurationPlatforms) = postSolution
		{7BC42C9D-FCF8-43C3-9CC2-365BA2B27184}.Debug|Any CPU.ActiveCfg = Debug|Any CPU
		{7BC42C9D-FCF8-43C3-9CC2-365BA2B27184}.Debug|Any CPU.Build.0 = Debug|Any CPU
		{7BC42C9D-FCF8-43C3-9CC2-365BA2B27184}.Release|Any CPU.ActiveCfg = Release|Any CPU
		{7BC42C9D-FCF8-43C3-9CC2-365BA2B27184}.Release|Any CPU.Build.0 = Release|Any CPU
	EndGlobalSection
	GlobalSection(SolutionProperties) = preSolution
		HideSolutionNode = FALSE
	EndGlobalSection
	GlobalSection(ExtensibilityGlobals) = postSolution
		SolutionGuid = {2822A3FF-78A7-4D74-B898-54A683C7D727}
	EndGlobalSection
EndGlobal
