
Microsoft Visual Studio Solution File, Format Version 12.00
# Visual Studio 15
VisualStudioVersion = 15.0.28307.1622
MinimumVisualStudioVersion = 10.0.40219.1
Project("{FAE04EC0-301F-11D3-BF4B-00C04F79EFBC}") = "Mcba.UI", "Mcba.UI\Mcba.UI.csproj", "{7BC42C9D-FCF8-43C3-9CC2-365BA2B27184}"
EndProject
Project("{FAE04EC0-301F-11D3-BF4B-00C04F79EFBC}") = "Mcba.Infraestruture", "Mcba.Infraestruture\Mcba.Infraestruture.csproj", "{4ECFF366-C27E-46DB-A040-EAB954C32149}"
EndProject
Project("{FAE04EC0-301F-11D3-BF4B-00C04F79EFBC}") = "Mcba.Testing", "Mcba.Testing\Mcba.Testing.csproj", "{4052D87A-DC76-4B5E-A079-7D295EE0814C}"
EndProject
Project("{FAE04EC0-301F-11D3-BF4B-00C04F79EFBC}") = "Mcba.Seguridad", "Mcba.Seguridad\Mcba.Seguridad.csproj", "{11206FAB-8ABA-4683-BB18-D9230E0EE88D}"
EndProject
Project("{FAE04EC0-301F-11D3-BF4B-00C04F79EFBC}") = "Mcba.Entidad", "Mcba.Entidad\Mcba.Entidad.csproj", "{4514EA8D-D83A-4F2B-9985-56A8AA964E78}"
EndProject
Project("{FAE04EC0-301F-11D3-BF4B-00C04F79EFBC}") = "Mcba.Data", "Mcba.Data\Mcba.Data.csproj", "{99AAA7FE-502F-4B27-A9A2-849A19329441}"
EndProject
Project("{FAE04EC0-301F-11D3-BF4B-00C04F79EFBC}") = "Mcba.Dal", "Mcba.Dal\Mcba.Dal.csproj", "{FE857B11-B218-47B1-9005-2F0ABCB54B8C}"
EndProject
Project("{FAE04EC0-301F-11D3-BF4B-00C04F79EFBC}") = "Mcba.Bll", "Mcba.Bll\Mcba.Bll.csproj", "{679F2183-3674-4AEA-90A7-6641E8010F07}"
EndProject
Project("{2150E333-8FDC-42A3-9474-1A3956D46DE8}") = "Solution Items", "Solution Items", "{763428A6-716F-418C-8A80-C3986F4F652C}"
	ProjectSection(SolutionItems) = preProject
		Performance1.psess = Performance1.psess
		Performance2.psess = Performance2.psess
	EndProjectSection
EndProject
Global
	GlobalSection(SolutionConfigurationPlatforms) = preSolution
		Debug|Any CPU = Debug|Any CPU
		Release|Any CPU = Release|Any CPU
	EndGlobalSection
	GlobalSection(ProjectConfigurationPlatforms) = postSolution
		{7BC42C9D-FCF8-43C3-9CC2-365BA2B27184}.Debug|Any CPU.ActiveCfg = Debug|Any CPU
		{7BC42C9D-FCF8-43C3-9CC2-365BA2B27184}.Debug|Any CPU.Build.0 = Debug|Any CPU
		{7BC42C9D-FCF8-43C3-9CC2-365BA2B27184}.Release|Any CPU.ActiveCfg = Release|Any CPU
		{7BC42C9D-FCF8-43C3-9CC2-365BA2B27184}.Release|Any CPU.Build.0 = Release|Any CPU
		{4ECFF366-C27E-46DB-A040-EAB954C32149}.Debug|Any CPU.ActiveCfg = Debug|Any CPU
		{4ECFF366-C27E-46DB-A040-EAB954C32149}.Debug|Any CPU.Build.0 = Debug|Any CPU
		{4ECFF366-C27E-46DB-A040-EAB954C32149}.Release|Any CPU.ActiveCfg = Release|Any CPU
		{4ECFF366-C27E-46DB-A040-EAB954C32149}.Release|Any CPU.Build.0 = Release|Any CPU
		{4052D87A-DC76-4B5E-A079-7D295EE0814C}.Debug|Any CPU.ActiveCfg = Debug|Any CPU
		{4052D87A-DC76-4B5E-A079-7D295EE0814C}.Debug|Any CPU.Build.0 = Debug|Any CPU
		{4052D87A-DC76-4B5E-A079-7D295EE0814C}.Release|Any CPU.ActiveCfg = Release|Any CPU
		{4052D87A-DC76-4B5E-A079-7D295EE0814C}.Release|Any CPU.Build.0 = Release|Any CPU
		{11206FAB-8ABA-4683-BB18-D9230E0EE88D}.Debug|Any CPU.ActiveCfg = Debug|Any CPU
		{11206FAB-8ABA-4683-BB18-D9230E0EE88D}.Debug|Any CPU.Build.0 = Debug|Any CPU
		{11206FAB-8ABA-4683-BB18-D9230E0EE88D}.Release|Any CPU.ActiveCfg = Release|Any CPU
		{11206FAB-8ABA-4683-BB18-D9230E0EE88D}.Release|Any CPU.Build.0 = Release|Any CPU
		{4514EA8D-D83A-4F2B-9985-56A8AA964E78}.Debug|Any CPU.ActiveCfg = Debug|Any CPU
		{4514EA8D-D83A-4F2B-9985-56A8AA964E78}.Debug|Any CPU.Build.0 = Debug|Any CPU
		{4514EA8D-D83A-4F2B-9985-56A8AA964E78}.Release|Any CPU.ActiveCfg = Release|Any CPU
		{4514EA8D-D83A-4F2B-9985-56A8AA964E78}.Release|Any CPU.Build.0 = Release|Any CPU
		{99AAA7FE-502F-4B27-A9A2-849A19329441}.Debug|Any CPU.ActiveCfg = Debug|Any CPU
		{99AAA7FE-502F-4B27-A9A2-849A19329441}.Debug|Any CPU.Build.0 = Debug|Any CPU
		{99AAA7FE-502F-4B27-A9A2-849A19329441}.Release|Any CPU.ActiveCfg = Release|Any CPU
		{99AAA7FE-502F-4B27-A9A2-849A19329441}.Release|Any CPU.Build.0 = Release|Any CPU
		{FE857B11-B218-47B1-9005-2F0ABCB54B8C}.Debug|Any CPU.ActiveCfg = Debug|Any CPU
		{FE857B11-B218-47B1-9005-2F0ABCB54B8C}.Debug|Any CPU.Build.0 = Debug|Any CPU
		{FE857B11-B218-47B1-9005-2F0ABCB54B8C}.Release|Any CPU.ActiveCfg = Release|Any CPU
		{FE857B11-B218-47B1-9005-2F0ABCB54B8C}.Release|Any CPU.Build.0 = Release|Any CPU
		{679F2183-3674-4AEA-90A7-6641E8010F07}.Debug|Any CPU.ActiveCfg = Debug|Any CPU
		{679F2183-3674-4AEA-90A7-6641E8010F07}.Debug|Any CPU.Build.0 = Debug|Any CPU
		{679F2183-3674-4AEA-90A7-6641E8010F07}.Release|Any CPU.ActiveCfg = Release|Any CPU
		{679F2183-3674-4AEA-90A7-6641E8010F07}.Release|Any CPU.Build.0 = Release|Any CPU
	EndGlobalSection
	GlobalSection(SolutionProperties) = preSolution
		HideSolutionNode = FALSE
	EndGlobalSection
	GlobalSection(ExtensibilityGlobals) = postSolution
		SolutionGuid = {2822A3FF-78A7-4D74-B898-54A683C7D727}
	EndGlobalSection
EndGlobal
