
Microsoft Visual Studio Solution File, Format Version 12.00
# Visual Studio Version 16
VisualStudioVersion = 16.0.31112.23
MinimumVisualStudioVersion = 10.0.40219.1
Project("{FAE04EC0-301F-11D3-BF4B-00C04F79EFBC}") = "Mcba.UI", "Mcba.UI\Mcba.UI.csproj", "{7BC42C9D-FCF8-43C3-9CC2-365BA2B27184}"
EndProject
Project("{FAE04EC0-301F-11D3-BF4B-00C04F79EFBC}") = "Mcba.Infraestruture", "Mcba.Infraestruture\Mcba.Infraestruture.csproj", "{4ECFF366-C27E-46DB-A040-EAB954C32149}"
EndProject
Project("{FAE04EC0-301F-11D3-BF4B-00C04F79EFBC}") = "Mcba.Testing", "Mcba.Testing\Mcba.Testing.csproj", "{4052D87A-DC76-4B5E-A079-7D295EE0814C}"
EndProject
Project("{FAE04EC0-301F-11D3-BF4B-00C04F79EFBC}") = "Mcba.Seguridad", "Mcba.Seguridad\Mcba.Seguridad.csproj", "{11206FAB-8ABA-4683-BB18-D9230E0EE88D}"
EndProject
Global
	GlobalSection(SolutionConfigurationPlatforms) = preSolution
		Debug|Any CPU = Debug|Any CPU
		Release|Any CPU = Release|Any CPU
	EndGlobalSection
	GlobalSection(ProjectConfigurationPlatforms) = postSolution
		{7BC42C9D-FCF8-43C3-9CC2-365BA2B27184}.Debug|Any CPU.ActiveCfg = Debug|Any CPU
		{7BC42C9D-FCF8-43C3-9CC2-365BA2B27184}.Debug|Any CPU.Build.0 = Debug|Any CPU
		{7BC42C9D-FCF8-43C3-9CC2-365BA2B27184}.Release|Any CPU.ActiveCfg = Release|Any CPU
		{7BC42C9D-FCF8-43C3-9CC2-365BA2B27184}.Release|Any CPU.Build.0 = Release|Any CPU
		{4ECFF366-C27E-46DB-A040-EAB954C32149}.Debug|Any CPU.ActiveCfg = Debug|Any CPU
		{4ECFF366-C27E-46DB-A040-EAB954C32149}.Debug|Any CPU.Build.0 = Debug|Any CPU
		{4ECFF366-C27E-46DB-A040-EAB954C32149}.Release|Any CPU.ActiveCfg = Release|Any CPU
		{4ECFF366-C27E-46DB-A040-EAB954C32149}.Release|Any CPU.Build.0 = Release|Any CPU
		{4052D87A-DC76-4B5E-A079-7D295EE0814C}.Debug|Any CPU.ActiveCfg = Debug|Any CPU
		{4052D87A-DC76-4B5E-A079-7D295EE0814C}.Debug|Any CPU.Build.0 = Debug|Any CPU
		{4052D87A-DC76-4B5E-A079-7D295EE0814C}.Release|Any CPU.ActiveCfg = Release|Any CPU
		{4052D87A-DC76-4B5E-A079-7D295EE0814C}.Release|Any CPU.Build.0 = Release|Any CPU
		{11206FAB-8ABA-4683-BB18-D9230E0EE88D}.Debug|Any CPU.ActiveCfg = Debug|Any CPU
		{11206FAB-8ABA-4683-BB18-D9230E0EE88D}.Debug|Any CPU.Build.0 = Debug|Any CPU
		{11206FAB-8ABA-4683-BB18-D9230E0EE88D}.Release|Any CPU.ActiveCfg = Release|Any CPU
		{11206FAB-8ABA-4683-BB18-D9230E0EE88D}.Release|Any CPU.Build.0 = Release|Any CPU
	EndGlobalSection
	GlobalSection(SolutionProperties) = preSolution
		HideSolutionNode = FALSE
	EndGlobalSection
	GlobalSection(ExtensibilityGlobals) = postSolution
		SolutionGuid = {2822A3FF-78A7-4D74-B898-54A683C7D727}
	EndGlobalSection
EndGlobal
